
Microsoft Visual Studio Solution File, Format Version 12.00
# Visual Studio Version 16
VisualStudioVersion = 16.0.31005.135
MinimumVisualStudioVersion = 10.0.40219.1
Project("{FAE04EC0-301F-11D3-BF4B-00C04F79EFBC}") = "Matrix_01", "RaylibStarterCS\Matrix_01.csproj", "{51974CDC-38DE-4311-9088-66EFC04A9B15}"
EndProject
Global
	GlobalSection(SolutionConfigurationPlatforms) = preSolution
		Debug|Any CPU = Debug|Any CPU
		Release|Any CPU = Release|Any CPU
	EndGlobalSection
	GlobalSection(ProjectConfigurationPlatforms) = postSolution
		{51974CDC-38DE-4311-9088-66EFC04A9B15}.Debug|Any CPU.ActiveCfg = Debug|Any CPU
		{51974CDC-38DE-4311-9088-66EFC04A9B15}.Debug|Any CPU.Build.0 = Debug|Any CPU
		{51974CDC-38DE-4311-9088-66EFC04A9B15}.Release|Any CPU.ActiveCfg = Release|Any CPU
		{51974CDC-38DE-4311-9088-66EFC04A9B15}.Release|Any CPU.Build.0 = Release|Any CPU
	EndGlobalSection
	GlobalSection(SolutionProperties) = preSolution
		HideSolutionNode = FALSE
	EndGlobalSection
	GlobalSection(ExtensibilityGlobals) = postSolution
		SolutionGuid = {8AE6DE71-F69A-44D2-AC84-6FE28EC2E10E}
	EndGlobalSection
EndGlobal
